
Microsoft Visual Studio Solution File, Format Version 12.00
# Visual Studio Version 17
VisualStudioVersion = 17.10.35013.160
MinimumVisualStudioVersion = 10.0.40219.1
Project("{FAE04EC0-301F-11D3-BF4B-00C04F79EFBC}") = "AgensRest", "AgensRest\AgensRest.csproj", "{9A7F2005-C83A-484A-9391-D9A1514AFBE6}"
EndProject
Global
	GlobalSection(SolutionConfigurationPlatforms) = preSolution
		Debug|Any CPU = Debug|Any CPU
		Release|Any CPU = Release|Any CPU
	EndGlobalSection
	GlobalSection(ProjectConfigurationPlatforms) = postSolution
		{9A7F2005-C83A-484A-9391-D9A1514AFBE6}.Debug|Any CPU.ActiveCfg = Debug|Any CPU
		{9A7F2005-C83A-484A-9391-D9A1514AFBE6}.Debug|Any CPU.Build.0 = Debug|Any CPU
		{9A7F2005-C83A-484A-9391-D9A1514AFBE6}.Release|Any CPU.ActiveCfg = Release|Any CPU
		{9A7F2005-C83A-484A-9391-D9A1514AFBE6}.Release|Any CPU.Build.0 = Release|Any CPU
	EndGlobalSection
	GlobalSection(SolutionProperties) = preSolution
		HideSolutionNode = FALSE
	EndGlobalSection
	GlobalSection(ExtensibilityGlobals) = postSolution
		SolutionGuid = {7D9B773E-8E0F-4740-9A66-9DA3B5D0D483}
	EndGlobalSection
EndGlobal
